// !$*UTF8*$!
{
	archiveVersion = 1;
	classes = {
	};
	objectVersion = 55;
	objects = {

/* Begin PBXBuildFile section */
		820A4CB6290F847F00172C42 /* CharacterNameLabel.swift in Sources */ = {isa = PBXBuildFile; fileRef = 820A4CB5290F847F00172C42 /* CharacterNameLabel.swift */; };
		820A4CB8290F873A00172C42 /* CharacterStatusLabel.swift in Sources */ = {isa = PBXBuildFile; fileRef = 820A4CB7290F873A00172C42 /* CharacterStatusLabel.swift */; };
		820A4CBA290F87D700172C42 /* CharacterSpeciesLabel.swift in Sources */ = {isa = PBXBuildFile; fileRef = 820A4CB9290F87D700172C42 /* CharacterSpeciesLabel.swift */; };
		820A4CBC290F885400172C42 /* CharacterGenderLabel.swift in Sources */ = {isa = PBXBuildFile; fileRef = 820A4CBB290F885400172C42 /* CharacterGenderLabel.swift */; };
		820A4CBE290F88BF00172C42 /* CharacterImageView.swift in Sources */ = {isa = PBXBuildFile; fileRef = 820A4CBD290F88BF00172C42 /* CharacterImageView.swift */; };
		827AAC2D290C6D9600A79661 /* APICaller.swift in Sources */ = {isa = PBXBuildFile; fileRef = 827AAC2C290C6D9600A79661 /* APICaller.swift */; };
		827AAC2F290C6F6E00A79661 /* CharacterModel.swift in Sources */ = {isa = PBXBuildFile; fileRef = 827AAC2E290C6F6E00A79661 /* CharacterModel.swift */; };
		827AAC31290F046D00A79661 /* CharacterTableViewCell.swift in Sources */ = {isa = PBXBuildFile; fileRef = 827AAC30290F046D00A79661 /* CharacterTableViewCell.swift */; };
		827AAC33290F068400A79661 /* CharacterTableViewCellViewModel.swift in Sources */ = {isa = PBXBuildFile; fileRef = 827AAC32290F068400A79661 /* CharacterTableViewCellViewModel.swift */; };
		82F1BC1828FE5DD90039657B /* AppDelegate.swift in Sources */ = {isa = PBXBuildFile; fileRef = 82F1BC1728FE5DD90039657B /* AppDelegate.swift */; };
		82F1BC1A28FE5DD90039657B /* SceneDelegate.swift in Sources */ = {isa = PBXBuildFile; fileRef = 82F1BC1928FE5DD90039657B /* SceneDelegate.swift */; };
		82F1BC2128FE5DDB0039657B /* Assets.xcassets in Resources */ = {isa = PBXBuildFile; fileRef = 82F1BC2028FE5DDB0039657B /* Assets.xcassets */; };
		82F1BC2428FE5DDB0039657B /* LaunchScreen.storyboard in Resources */ = {isa = PBXBuildFile; fileRef = 82F1BC2228FE5DDB0039657B /* LaunchScreen.storyboard */; };
		82F1BC2C28FE5EAC0039657B /* SearchVC.swift in Sources */ = {isa = PBXBuildFile; fileRef = 82F1BC2B28FE5EAC0039657B /* SearchVC.swift */; };
		82F1BC2E28FE5EE10039657B /* FavoritesVC.swift in Sources */ = {isa = PBXBuildFile; fileRef = 82F1BC2D28FE5EE10039657B /* FavoritesVC.swift */; };
/* End PBXBuildFile section */

/* Begin PBXFileReference section */
		820A4CB5290F847F00172C42 /* CharacterNameLabel.swift */ = {isa = PBXFileReference; lastKnownFileType = sourcecode.swift; path = CharacterNameLabel.swift; sourceTree = "<group>"; };
		820A4CB7290F873A00172C42 /* CharacterStatusLabel.swift */ = {isa = PBXFileReference; lastKnownFileType = sourcecode.swift; path = CharacterStatusLabel.swift; sourceTree = "<group>"; };
		820A4CB9290F87D700172C42 /* CharacterSpeciesLabel.swift */ = {isa = PBXFileReference; lastKnownFileType = sourcecode.swift; path = CharacterSpeciesLabel.swift; sourceTree = "<group>"; };
		820A4CBB290F885400172C42 /* CharacterGenderLabel.swift */ = {isa = PBXFileReference; lastKnownFileType = sourcecode.swift; path = CharacterGenderLabel.swift; sourceTree = "<group>"; };
		820A4CBD290F88BF00172C42 /* CharacterImageView.swift */ = {isa = PBXFileReference; lastKnownFileType = sourcecode.swift; path = CharacterImageView.swift; sourceTree = "<group>"; };
		827AAC2C290C6D9600A79661 /* APICaller.swift */ = {isa = PBXFileReference; lastKnownFileType = sourcecode.swift; path = APICaller.swift; sourceTree = "<group>"; };
		827AAC2E290C6F6E00A79661 /* CharacterModel.swift */ = {isa = PBXFileReference; lastKnownFileType = sourcecode.swift; path = CharacterModel.swift; sourceTree = "<group>"; };
		827AAC30290F046D00A79661 /* CharacterTableViewCell.swift */ = {isa = PBXFileReference; lastKnownFileType = sourcecode.swift; path = CharacterTableViewCell.swift; sourceTree = "<group>"; };
		827AAC32290F068400A79661 /* CharacterTableViewCellViewModel.swift */ = {isa = PBXFileReference; lastKnownFileType = sourcecode.swift; path = CharacterTableViewCellViewModel.swift; sourceTree = "<group>"; };
		82F1BC1428FE5DD90039657B /* RickandMortyEncyclopedia.app */ = {isa = PBXFileReference; explicitFileType = wrapper.application; includeInIndex = 0; path = RickandMortyEncyclopedia.app; sourceTree = BUILT_PRODUCTS_DIR; };
		82F1BC1728FE5DD90039657B /* AppDelegate.swift */ = {isa = PBXFileReference; lastKnownFileType = sourcecode.swift; path = AppDelegate.swift; sourceTree = "<group>"; };
		82F1BC1928FE5DD90039657B /* SceneDelegate.swift */ = {isa = PBXFileReference; lastKnownFileType = sourcecode.swift; path = SceneDelegate.swift; sourceTree = "<group>"; };
		82F1BC2028FE5DDB0039657B /* Assets.xcassets */ = {isa = PBXFileReference; lastKnownFileType = folder.assetcatalog; path = Assets.xcassets; sourceTree = "<group>"; };
		82F1BC2328FE5DDB0039657B /* Base */ = {isa = PBXFileReference; lastKnownFileType = file.storyboard; name = Base; path = Base.lproj/LaunchScreen.storyboard; sourceTree = "<group>"; };
		82F1BC2528FE5DDB0039657B /* Info.plist */ = {isa = PBXFileReference; lastKnownFileType = text.plist.xml; path = Info.plist; sourceTree = "<group>"; };
		82F1BC2B28FE5EAC0039657B /* SearchVC.swift */ = {isa = PBXFileReference; lastKnownFileType = sourcecode.swift; path = SearchVC.swift; sourceTree = "<group>"; };
		82F1BC2D28FE5EE10039657B /* FavoritesVC.swift */ = {isa = PBXFileReference; lastKnownFileType = sourcecode.swift; path = FavoritesVC.swift; sourceTree = "<group>"; };
/* End PBXFileReference section */

/* Begin PBXFrameworksBuildPhase section */
		82F1BC1128FE5DD90039657B /* Frameworks */ = {
			isa = PBXFrameworksBuildPhase;
			buildActionMask = 2147483647;
			files = (
			);
			runOnlyForDeploymentPostprocessing = 0;
		};
/* End PBXFrameworksBuildPhase section */

/* Begin PBXGroup section */
		820A4CBF290F8AFA00172C42 /* Labels */ = {
			isa = PBXGroup;
			children = (
				820A4CB5290F847F00172C42 /* CharacterNameLabel.swift */,
				820A4CB7290F873A00172C42 /* CharacterStatusLabel.swift */,
				820A4CB9290F87D700172C42 /* CharacterSpeciesLabel.swift */,
				820A4CBB290F885400172C42 /* CharacterGenderLabel.swift */,
			);
			path = Labels;
			sourceTree = "<group>";
		};
		820A4CC0290F903700172C42 /* Manager */ = {
			isa = PBXGroup;
			children = (
				827AAC2C290C6D9600A79661 /* APICaller.swift */,
			);
			path = Manager;
			sourceTree = "<group>";
		};
		827AAC2A290C6CE600A79661 /* View */ = {
			isa = PBXGroup;
			children = (
				820A4CBF290F8AFA00172C42 /* Labels */,
				827AAC30290F046D00A79661 /* CharacterTableViewCell.swift */,
				820A4CBD290F88BF00172C42 /* CharacterImageView.swift */,
			);
			path = View;
			sourceTree = "<group>";
		};
		827AAC2B290C6CEC00A79661 /* Model */ = {
			isa = PBXGroup;
			children = (
				827AAC2E290C6F6E00A79661 /* CharacterModel.swift */,
				827AAC32290F068400A79661 /* CharacterTableViewCellViewModel.swift */,
			);
			path = Model;
			sourceTree = "<group>";
		};
		82F1BC0B28FE5DD90039657B = {
			isa = PBXGroup;
			children = (
				82F1BC1628FE5DD90039657B /* RickandMortyEncyclopedia */,
				82F1BC1528FE5DD90039657B /* Products */,
			);
			sourceTree = "<group>";
		};
		82F1BC1528FE5DD90039657B /* Products */ = {
			isa = PBXGroup;
			children = (
				82F1BC1428FE5DD90039657B /* RickandMortyEncyclopedia.app */,
			);
			name = Products;
			sourceTree = "<group>";
		};
		82F1BC1628FE5DD90039657B /* RickandMortyEncyclopedia */ = {
			isa = PBXGroup;
			children = (
				820A4CC0290F903700172C42 /* Manager */,
				827AAC2B290C6CEC00A79661 /* Model */,
				827AAC2A290C6CE600A79661 /* View */,
				82F1BC3028FE5F0F0039657B /* Controller */,
				82F1BC2F28FE5EEC0039657B /* Support */,
				82F1BC2528FE5DDB0039657B /* Info.plist */,
			);
			path = RickandMortyEncyclopedia;
			sourceTree = "<group>";
		};
		82F1BC2F28FE5EEC0039657B /* Support */ = {
			isa = PBXGroup;
			children = (
				82F1BC1728FE5DD90039657B /* AppDelegate.swift */,
				82F1BC1928FE5DD90039657B /* SceneDelegate.swift */,
				82F1BC2028FE5DDB0039657B /* Assets.xcassets */,
				82F1BC2228FE5DDB0039657B /* LaunchScreen.storyboard */,
			);
			path = Support;
			sourceTree = "<group>";
		};
		82F1BC3028FE5F0F0039657B /* Controller */ = {
			isa = PBXGroup;
			children = (
				82F1BC2B28FE5EAC0039657B /* SearchVC.swift */,
				82F1BC2D28FE5EE10039657B /* FavoritesVC.swift */,
			);
			path = Controller;
			sourceTree = "<group>";
		};
/* End PBXGroup section */

/* Begin PBXNativeTarget section */
		82F1BC1328FE5DD90039657B /* RickandMortyEncyclopedia */ = {
			isa = PBXNativeTarget;
			buildConfigurationList = 82F1BC2828FE5DDB0039657B /* Build configuration list for PBXNativeTarget "RickandMortyEncyclopedia" */;
			buildPhases = (
				82F1BC1028FE5DD90039657B /* Sources */,
				82F1BC1128FE5DD90039657B /* Frameworks */,
				82F1BC1228FE5DD90039657B /* Resources */,
			);
			buildRules = (
			);
			dependencies = (
			);
			name = RickandMortyEncyclopedia;
			productName = RickandMortyEncyclopedia;
			productReference = 82F1BC1428FE5DD90039657B /* RickandMortyEncyclopedia.app */;
			productType = "com.apple.product-type.application";
		};
/* End PBXNativeTarget section */

/* Begin PBXProject section */
		82F1BC0C28FE5DD90039657B /* Project object */ = {
			isa = PBXProject;
			attributes = {
				BuildIndependentTargetsInParallel = 1;
				LastSwiftUpdateCheck = 1340;
				LastUpgradeCheck = 1340;
				TargetAttributes = {
					82F1BC1328FE5DD90039657B = {
						CreatedOnToolsVersion = 13.4.1;
					};
				};
			};
			buildConfigurationList = 82F1BC0F28FE5DD90039657B /* Build configuration list for PBXProject "RickandMortyEncyclopedia" */;
			compatibilityVersion = "Xcode 13.0";
			developmentRegion = en;
			hasScannedForEncodings = 0;
			knownRegions = (
				en,
				Base,
			);
			mainGroup = 82F1BC0B28FE5DD90039657B;
			productRefGroup = 82F1BC1528FE5DD90039657B /* Products */;
			projectDirPath = "";
			projectRoot = "";
			targets = (
				82F1BC1328FE5DD90039657B /* RickandMortyEncyclopedia */,
			);
		};
/* End PBXProject section */

/* Begin PBXResourcesBuildPhase section */
		82F1BC1228FE5DD90039657B /* Resources */ = {
			isa = PBXResourcesBuildPhase;
			buildActionMask = 2147483647;
			files = (
				82F1BC2428FE5DDB0039657B /* LaunchScreen.storyboard in Resources */,
				82F1BC2128FE5DDB0039657B /* Assets.xcassets in Resources */,
			);
			runOnlyForDeploymentPostprocessing = 0;
		};
/* End PBXResourcesBuildPhase section */

/* Begin PBXSourcesBuildPhase section */
		82F1BC1028FE5DD90039657B /* Sources */ = {
			isa = PBXSourcesBuildPhase;
			buildActionMask = 2147483647;
			files = (
				82F1BC2E28FE5EE10039657B /* FavoritesVC.swift in Sources */,
				827AAC31290F046D00A79661 /* CharacterTableViewCell.swift in Sources */,
				820A4CBA290F87D700172C42 /* CharacterSpeciesLabel.swift in Sources */,
				820A4CBC290F885400172C42 /* CharacterGenderLabel.swift in Sources */,
				820A4CB8290F873A00172C42 /* CharacterStatusLabel.swift in Sources */,
				82F1BC2C28FE5EAC0039657B /* SearchVC.swift in Sources */,
				820A4CBE290F88BF00172C42 /* CharacterImageView.swift in Sources */,
				82F1BC1828FE5DD90039657B /* AppDelegate.swift in Sources */,
				827AAC33290F068400A79661 /* CharacterTableViewCellViewModel.swift in Sources */,
				827AAC2F290C6F6E00A79661 /* CharacterModel.swift in Sources */,
				820A4CB6290F847F00172C42 /* CharacterNameLabel.swift in Sources */,
				82F1BC1A28FE5DD90039657B /* SceneDelegate.swift in Sources */,
				827AAC2D290C6D9600A79661 /* APICaller.swift in Sources */,
			);
			runOnlyForDeploymentPostprocessing = 0;
		};
/* End PBXSourcesBuildPhase section */

/* Begin PBXVariantGroup section */
		82F1BC2228FE5DDB0039657B /* LaunchScreen.storyboard */ = {
			isa = PBXVariantGroup;
			children = (
				82F1BC2328FE5DDB0039657B /* Base */,
			);
			name = LaunchScreen.storyboard;
			sourceTree = "<group>";
		};
/* End PBXVariantGroup section */

/* Begin XCBuildConfiguration section */
		82F1BC2628FE5DDB0039657B /* Debug */ = {
			isa = XCBuildConfiguration;
			buildSettings = {
				ALWAYS_SEARCH_USER_PATHS = NO;
				CLANG_ANALYZER_NONNULL = YES;
				CLANG_ANALYZER_NUMBER_OBJECT_CONVERSION = YES_AGGRESSIVE;
				CLANG_CXX_LANGUAGE_STANDARD = "gnu++17";
				CLANG_ENABLE_MODULES = YES;
				CLANG_ENABLE_OBJC_ARC = YES;
				CLANG_ENABLE_OBJC_WEAK = YES;
				CLANG_WARN_BLOCK_CAPTURE_AUTORELEASING = YES;
				CLANG_WARN_BOOL_CONVERSION = YES;
				CLANG_WARN_COMMA = YES;
				CLANG_WARN_CONSTANT_CONVERSION = YES;
				CLANG_WARN_DEPRECATED_OBJC_IMPLEMENTATIONS = YES;
				CLANG_WARN_DIRECT_OBJC_ISA_USAGE = YES_ERROR;
				CLANG_WARN_DOCUMENTATION_COMMENTS = YES;
				CLANG_WARN_EMPTY_BODY = YES;
				CLANG_WARN_ENUM_CONVERSION = YES;
				CLANG_WARN_INFINITE_RECURSION = YES;
				CLANG_WARN_INT_CONVERSION = YES;
				CLANG_WARN_NON_LITERAL_NULL_CONVERSION = YES;
				CLANG_WARN_OBJC_IMPLICIT_RETAIN_SELF = YES;
				CLANG_WARN_OBJC_LITERAL_CONVERSION = YES;
				CLANG_WARN_OBJC_ROOT_CLASS = YES_ERROR;
				CLANG_WARN_QUOTED_INCLUDE_IN_FRAMEWORK_HEADER = YES;
				CLANG_WARN_RANGE_LOOP_ANALYSIS = YES;
				CLANG_WARN_STRICT_PROTOTYPES = YES;
				CLANG_WARN_SUSPICIOUS_MOVE = YES;
				CLANG_WARN_UNGUARDED_AVAILABILITY = YES_AGGRESSIVE;
				CLANG_WARN_UNREACHABLE_CODE = YES;
				CLANG_WARN__DUPLICATE_METHOD_MATCH = YES;
				COPY_PHASE_STRIP = NO;
				DEBUG_INFORMATION_FORMAT = dwarf;
				ENABLE_STRICT_OBJC_MSGSEND = YES;
				ENABLE_TESTABILITY = YES;
				GCC_C_LANGUAGE_STANDARD = gnu11;
				GCC_DYNAMIC_NO_PIC = NO;
				GCC_NO_COMMON_BLOCKS = YES;
				GCC_OPTIMIZATION_LEVEL = 0;
				GCC_PREPROCESSOR_DEFINITIONS = (
					"DEBUG=1",
					"$(inherited)",
				);
				GCC_WARN_64_TO_32_BIT_CONVERSION = YES;
				GCC_WARN_ABOUT_RETURN_TYPE = YES_ERROR;
				GCC_WARN_UNDECLARED_SELECTOR = YES;
				GCC_WARN_UNINITIALIZED_AUTOS = YES_AGGRESSIVE;
				GCC_WARN_UNUSED_FUNCTION = YES;
				GCC_WARN_UNUSED_VARIABLE = YES;
				IPHONEOS_DEPLOYMENT_TARGET = 15.5;
				MTL_ENABLE_DEBUG_INFO = INCLUDE_SOURCE;
				MTL_FAST_MATH = YES;
				ONLY_ACTIVE_ARCH = YES;
				SDKROOT = iphoneos;
				SWIFT_ACTIVE_COMPILATION_CONDITIONS = DEBUG;
				SWIFT_OPTIMIZATION_LEVEL = "-Onone";
			};
			name = Debug;
		};
		82F1BC2728FE5DDB0039657B /* Release */ = {
			isa = XCBuildConfiguration;
			buildSettings = {
				ALWAYS_SEARCH_USER_PATHS = NO;
				CLANG_ANALYZER_NONNULL = YES;
				CLANG_ANALYZER_NUMBER_OBJECT_CONVERSION = YES_AGGRESSIVE;
				CLANG_CXX_LANGUAGE_STANDARD = "gnu++17";
				CLANG_ENABLE_MODULES = YES;
				CLANG_ENABLE_OBJC_ARC = YES;
				CLANG_ENABLE_OBJC_WEAK = YES;
				CLANG_WARN_BLOCK_CAPTURE_AUTORELEASING = YES;
				CLANG_WARN_BOOL_CONVERSION = YES;
				CLANG_WARN_COMMA = YES;
				CLANG_WARN_CONSTANT_CONVERSION = YES;
				CLANG_WARN_DEPRECATED_OBJC_IMPLEMENTATIONS = YES;
				CLANG_WARN_DIRECT_OBJC_ISA_USAGE = YES_ERROR;
				CLANG_WARN_DOCUMENTATION_COMMENTS = YES;
				CLANG_WARN_EMPTY_BODY = YES;
				CLANG_WARN_ENUM_CONVERSION = YES;
				CLANG_WARN_INFINITE_RECURSION = YES;
				CLANG_WARN_INT_CONVERSION = YES;
				CLANG_WARN_NON_LITERAL_NULL_CONVERSION = YES;
				CLANG_WARN_OBJC_IMPLICIT_RETAIN_SELF = YES;
				CLANG_WARN_OBJC_LITERAL_CONVERSION = YES;
				CLANG_WARN_OBJC_ROOT_CLASS = YES_ERROR;
				CLANG_WARN_QUOTED_INCLUDE_IN_FRAMEWORK_HEADER = YES;
				CLANG_WARN_RANGE_LOOP_ANALYSIS = YES;
				CLANG_WARN_STRICT_PROTOTYPES = YES;
				CLANG_WARN_SUSPICIOUS_MOVE = YES;
				CLANG_WARN_UNGUARDED_AVAILABILITY = YES_AGGRESSIVE;
				CLANG_WARN_UNREACHABLE_CODE = YES;
				CLANG_WARN__DUPLICATE_METHOD_MATCH = YES;
				COPY_PHASE_STRIP = NO;
				DEBUG_INFORMATION_FORMAT = "dwarf-with-dsym";
				ENABLE_NS_ASSERTIONS = NO;
				ENABLE_STRICT_OBJC_MSGSEND = YES;
				GCC_C_LANGUAGE_STANDARD = gnu11;
				GCC_NO_COMMON_BLOCKS = YES;
				GCC_WARN_64_TO_32_BIT_CONVERSION = YES;
				GCC_WARN_ABOUT_RETURN_TYPE = YES_ERROR;
				GCC_WARN_UNDECLARED_SELECTOR = YES;
				GCC_WARN_UNINITIALIZED_AUTOS = YES_AGGRESSIVE;
				GCC_WARN_UNUSED_FUNCTION = YES;
				GCC_WARN_UNUSED_VARIABLE = YES;
				IPHONEOS_DEPLOYMENT_TARGET = 15.5;
				MTL_ENABLE_DEBUG_INFO = NO;
				MTL_FAST_MATH = YES;
				SDKROOT = iphoneos;
				SWIFT_COMPILATION_MODE = wholemodule;
				SWIFT_OPTIMIZATION_LEVEL = "-O";
				VALIDATE_PRODUCT = YES;
			};
			name = Release;
		};
		82F1BC2928FE5DDB0039657B /* Debug */ = {
			isa = XCBuildConfiguration;
			buildSettings = {
				ASSETCATALOG_COMPILER_APPICON_NAME = AppIcon;
				ASSETCATALOG_COMPILER_GLOBAL_ACCENT_COLOR_NAME = AccentColor;
				CODE_SIGN_STYLE = Automatic;
				CURRENT_PROJECT_VERSION = 1;
				DEVELOPMENT_TEAM = B4S3BTC38H;
				GENERATE_INFOPLIST_FILE = YES;
				INFOPLIST_FILE = RickandMortyEncyclopedia/Info.plist;
				INFOPLIST_KEY_UIApplicationSupportsIndirectInputEvents = YES;
				INFOPLIST_KEY_UILaunchStoryboardName = LaunchScreen;
				INFOPLIST_KEY_UISupportedInterfaceOrientations_iPad = "UIInterfaceOrientationPortrait UIInterfaceOrientationPortraitUpsideDown UIInterfaceOrientationLandscapeLeft UIInterfaceOrientationLandscapeRight";
				INFOPLIST_KEY_UISupportedInterfaceOrientations_iPhone = "UIInterfaceOrientationPortrait UIInterfaceOrientationLandscapeLeft UIInterfaceOrientationLandscapeRight";
				IPHONEOS_DEPLOYMENT_TARGET = 13.0;
				LD_RUNPATH_SEARCH_PATHS = (
					"$(inherited)",
					"@executable_path/Frameworks",
				);
				MARKETING_VERSION = 1.0;
				PRODUCT_BUNDLE_IDENTIFIER = andrewmuniz.RickandMortyEncyclopedia;
				PRODUCT_NAME = "$(TARGET_NAME)";
				SWIFT_EMIT_LOC_STRINGS = YES;
				SWIFT_VERSION = 5.0;
				TARGETED_DEVICE_FAMILY = 1;
			};
			name = Debug;
		};
		82F1BC2A28FE5DDB0039657B /* Release */ = {
			isa = XCBuildConfiguration;
			buildSettings = {
				ASSETCATALOG_COMPILER_APPICON_NAME = AppIcon;
				ASSETCATALOG_COMPILER_GLOBAL_ACCENT_COLOR_NAME = AccentColor;
				CODE_SIGN_STYLE = Automatic;
				CURRENT_PROJECT_VERSION = 1;
				DEVELOPMENT_TEAM = B4S3BTC38H;
				GENERATE_INFOPLIST_FILE = YES;
				INFOPLIST_FILE = RickandMortyEncyclopedia/Info.plist;
				INFOPLIST_KEY_UIApplicationSupportsIndirectInputEvents = YES;
				INFOPLIST_KEY_UILaunchStoryboardName = LaunchScreen;
				INFOPLIST_KEY_UISupportedInterfaceOrientations_iPad = "UIInterfaceOrientationPortrait UIInterfaceOrientationPortraitUpsideDown UIInterfaceOrientationLandscapeLeft UIInterfaceOrientationLandscapeRight";
				INFOPLIST_KEY_UISupportedInterfaceOrientations_iPhone = "UIInterfaceOrientationPortrait UIInterfaceOrientationLandscapeLeft UIInterfaceOrientationLandscapeRight";
				IPHONEOS_DEPLOYMENT_TARGET = 13.0;
				LD_RUNPATH_SEARCH_PATHS = (
					"$(inherited)",
					"@executable_path/Frameworks",
				);
				MARKETING_VERSION = 1.0;
				PRODUCT_BUNDLE_IDENTIFIER = andrewmuniz.RickandMortyEncyclopedia;
				PRODUCT_NAME = "$(TARGET_NAME)";
				SWIFT_EMIT_LOC_STRINGS = YES;
				SWIFT_VERSION = 5.0;
				TARGETED_DEVICE_FAMILY = 1;
			};
			name = Release;
		};
/* End XCBuildConfiguration section */

/* Begin XCConfigurationList section */
		82F1BC0F28FE5DD90039657B /* Build configuration list for PBXProject "RickandMortyEncyclopedia" */ = {
			isa = XCConfigurationList;
			buildConfigurations = (
				82F1BC2628FE5DDB0039657B /* Debug */,
				82F1BC2728FE5DDB0039657B /* Release */,
			);
			defaultConfigurationIsVisible = 0;
			defaultConfigurationName = Release;
		};
		82F1BC2828FE5DDB0039657B /* Build configuration list for PBXNativeTarget "RickandMortyEncyclopedia" */ = {
			isa = XCConfigurationList;
			buildConfigurations = (
				82F1BC2928FE5DDB0039657B /* Debug */,
				82F1BC2A28FE5DDB0039657B /* Release */,
			);
			defaultConfigurationIsVisible = 0;
			defaultConfigurationName = Release;
		};
/* End XCConfigurationList section */
	};
	rootObject = 82F1BC0C28FE5DD90039657B /* Project object */;
}
